// !$*UTF8*$!
{
	archiveVersion = 1;
	classes = {
	};
	objectVersion = 55;
	objects = {

/* Begin PBXBuildFile section */
		3FE0F1D527AB7B6C00808469 /* main.m in Sources */ = {isa = PBXBuildFile; fileRef = 3FE0F1D427AB7B6C00808469 /* main.m */; };
		3FE0F1DD27AB7B8000808469 /* CompilationEngine.m in Sources */ = {isa = PBXBuildFile; fileRef = 3FE0F1DC27AB7B8000808469 /* CompilationEngine.m */; };
		3FE0F1E027AB7B8900808469 /* JackTokenizer.m in Sources */ = {isa = PBXBuildFile; fileRef = 3FE0F1DF27AB7B8900808469 /* JackTokenizer.m */; };
		3FE0F1E327AB7DF800808469 /* Utility.m in Sources */ = {isa = PBXBuildFile; fileRef = 3FE0F1E227AB7DF800808469 /* Utility.m */; };
		3FE0F1E627AB97E900808469 /* Token.m in Sources */ = {isa = PBXBuildFile; fileRef = 3FE0F1E527AB97E900808469 /* Token.m */; };
/* End PBXBuildFile section */

/* Begin PBXCopyFilesBuildPhase section */
		3FE0F1CF27AB7B6C00808469 /* CopyFiles */ = {
			isa = PBXCopyFilesBuildPhase;
			buildActionMask = 2147483647;
			dstPath = /usr/share/man/man1/;
			dstSubfolderSpec = 0;
			files = (
			);
			runOnlyForDeploymentPostprocessing = 1;
		};
/* End PBXCopyFilesBuildPhase section */

/* Begin PBXFileReference section */
		3FE0F1D127AB7B6C00808469 /* JackCompiler-OC */ = {isa = PBXFileReference; explicitFileType = "compiled.mach-o.executable"; includeInIndex = 0; path = "JackCompiler-OC"; sourceTree = BUILT_PRODUCTS_DIR; };
		3FE0F1D427AB7B6C00808469 /* main.m */ = {isa = PBXFileReference; lastKnownFileType = sourcecode.c.objc; path = main.m; sourceTree = "<group>"; };
		3FE0F1DB27AB7B8000808469 /* CompilationEngine.h */ = {isa = PBXFileReference; lastKnownFileType = sourcecode.c.h; path = CompilationEngine.h; sourceTree = "<group>"; };
		3FE0F1DC27AB7B8000808469 /* CompilationEngine.m */ = {isa = PBXFileReference; lastKnownFileType = sourcecode.c.objc; path = CompilationEngine.m; sourceTree = "<group>"; };
		3FE0F1DE27AB7B8900808469 /* JackTokenizer.h */ = {isa = PBXFileReference; lastKnownFileType = sourcecode.c.h; path = JackTokenizer.h; sourceTree = "<group>"; };
		3FE0F1DF27AB7B8900808469 /* JackTokenizer.m */ = {isa = PBXFileReference; lastKnownFileType = sourcecode.c.objc; path = JackTokenizer.m; sourceTree = "<group>"; };
		3FE0F1E127AB7DF800808469 /* Utility.h */ = {isa = PBXFileReference; lastKnownFileType = sourcecode.c.h; path = Utility.h; sourceTree = "<group>"; };
		3FE0F1E227AB7DF800808469 /* Utility.m */ = {isa = PBXFileReference; lastKnownFileType = sourcecode.c.objc; path = Utility.m; sourceTree = "<group>"; };
		3FE0F1E427AB97E900808469 /* Token.h */ = {isa = PBXFileReference; lastKnownFileType = sourcecode.c.h; path = Token.h; sourceTree = "<group>"; };
		3FE0F1E527AB97E900808469 /* Token.m */ = {isa = PBXFileReference; lastKnownFileType = sourcecode.c.objc; path = Token.m; sourceTree = "<group>"; };
/* End PBXFileReference section */

/* Begin PBXFrameworksBuildPhase section */
		3FE0F1CE27AB7B6C00808469 /* Frameworks */ = {
			isa = PBXFrameworksBuildPhase;
			buildActionMask = 2147483647;
			files = (
			);
			runOnlyForDeploymentPostprocessing = 0;
		};
/* End PBXFrameworksBuildPhase section */

/* Begin PBXGroup section */
		3FE0F1C827AB7B6C00808469 = {
			isa = PBXGroup;
			children = (
				3FE0F1D327AB7B6C00808469 /* JackCompiler-OC */,
				3FE0F1D227AB7B6C00808469 /* Products */,
			);
			sourceTree = "<group>";
		};
		3FE0F1D227AB7B6C00808469 /* Products */ = {
			isa = PBXGroup;
			children = (
				3FE0F1D127AB7B6C00808469 /* JackCompiler-OC */,
			);
			name = Products;
			sourceTree = "<group>";
		};
		3FE0F1D327AB7B6C00808469 /* JackCompiler-OC */ = {
			isa = PBXGroup;
			children = (
				3FE0F1D427AB7B6C00808469 /* main.m */,
				3FE0F1DB27AB7B8000808469 /* CompilationEngine.h */,
				3FE0F1DC27AB7B8000808469 /* CompilationEngine.m */,
				3FE0F1DE27AB7B8900808469 /* JackTokenizer.h */,
				3FE0F1DF27AB7B8900808469 /* JackTokenizer.m */,
				3FE0F1E127AB7DF800808469 /* Utility.h */,
				3FE0F1E227AB7DF800808469 /* Utility.m */,
				3FE0F1E427AB97E900808469 /* Token.h */,
				3FE0F1E527AB97E900808469 /* Token.m */,
			);
			path = "JackCompiler-OC";
			sourceTree = "<group>";
		};
/* End PBXGroup section */

/* Begin PBXNativeTarget section */
		3FE0F1D027AB7B6C00808469 /* JackCompiler-OC */ = {
			isa = PBXNativeTarget;
			buildConfigurationList = 3FE0F1D827AB7B6C00808469 /* Build configuration list for PBXNativeTarget "JackCompiler-OC" */;
			buildPhases = (
				3FE0F1CD27AB7B6C00808469 /* Sources */,
				3FE0F1CE27AB7B6C00808469 /* Frameworks */,
				3FE0F1CF27AB7B6C00808469 /* CopyFiles */,
			);
			buildRules = (
			);
			dependencies = (
			);
			name = "JackCompiler-OC";
			productName = "JackCompiler-OC";
			productReference = 3FE0F1D127AB7B6C00808469 /* JackCompiler-OC */;
			productType = "com.apple.product-type.tool";
		};
/* End PBXNativeTarget section */

/* Begin PBXProject section */
		3FE0F1C927AB7B6C00808469 /* Project object */ = {
			isa = PBXProject;
			attributes = {
				BuildIndependentTargetsInParallel = 1;
				LastUpgradeCheck = 1320;
				TargetAttributes = {
					3FE0F1D027AB7B6C00808469 = {
						CreatedOnToolsVersion = 13.2.1;
					};
				};
			};
			buildConfigurationList = 3FE0F1CC27AB7B6C00808469 /* Build configuration list for PBXProject "JackCompiler-OC" */;
			compatibilityVersion = "Xcode 13.0";
			developmentRegion = en;
			hasScannedForEncodings = 0;
			knownRegions = (
				en,
				Base,
			);
			mainGroup = 3FE0F1C827AB7B6C00808469;
			productRefGroup = 3FE0F1D227AB7B6C00808469 /* Products */;
			projectDirPath = "";
			projectRoot = "";
			targets = (
				3FE0F1D027AB7B6C00808469 /* JackCompiler-OC */,
			);
		};
/* End PBXProject section */

/* Begin PBXSourcesBuildPhase section */
		3FE0F1CD27AB7B6C00808469 /* Sources */ = {
			isa = PBXSourcesBuildPhase;
			buildActionMask = 2147483647;
			files = (
				3FE0F1E327AB7DF800808469 /* Utility.m in Sources */,
				3FE0F1E627AB97E900808469 /* Token.m in Sources */,
				3FE0F1D527AB7B6C00808469 /* main.m in Sources */,
				3FE0F1DD27AB7B8000808469 /* CompilationEngine.m in Sources */,
				3FE0F1E027AB7B8900808469 /* JackTokenizer.m in Sources */,
			);
			runOnlyForDeploymentPostprocessing = 0;
		};
/* End PBXSourcesBuildPhase section */

/* Begin XCBuildConfiguration section */
		3FE0F1D627AB7B6C00808469 /* Debug */ = {
			isa = XCBuildConfiguration;
			buildSettings = {
				ALWAYS_SEARCH_USER_PATHS = NO;
				CLANG_ANALYZER_NONNULL = YES;
				CLANG_ANALYZER_NUMBER_OBJECT_CONVERSION = YES_AGGRESSIVE;
				CLANG_CXX_LANGUAGE_STANDARD = "gnu++17";
				CLANG_CXX_LIBRARY = "libc++";
				CLANG_ENABLE_MODULES = YES;
				CLANG_ENABLE_OBJC_ARC = YES;
				CLANG_ENABLE_OBJC_WEAK = YES;
				CLANG_WARN_BLOCK_CAPTURE_AUTORELEASING = YES;
				CLANG_WARN_BOOL_CONVERSION = YES;
				CLANG_WARN_COMMA = YES;
				CLANG_WARN_CONSTANT_CONVERSION = YES;
				CLANG_WARN_DEPRECATED_OBJC_IMPLEMENTATIONS = YES;
				CLANG_WARN_DIRECT_OBJC_ISA_USAGE = YES_ERROR;
				CLANG_WARN_DOCUMENTATION_COMMENTS = YES;
				CLANG_WARN_EMPTY_BODY = YES;
				CLANG_WARN_ENUM_CONVERSION = YES;
				CLANG_WARN_INFINITE_RECURSION = YES;
				CLANG_WARN_INT_CONVERSION = YES;
				CLANG_WARN_NON_LITERAL_NULL_CONVERSION = YES;
				CLANG_WARN_OBJC_IMPLICIT_RETAIN_SELF = YES;
				CLANG_WARN_OBJC_LITERAL_CONVERSION = YES;
				CLANG_WARN_OBJC_ROOT_CLASS = YES_ERROR;
				CLANG_WARN_QUOTED_INCLUDE_IN_FRAMEWORK_HEADER = YES;
				CLANG_WARN_RANGE_LOOP_ANALYSIS = YES;
				CLANG_WARN_STRICT_PROTOTYPES = YES;
				CLANG_WARN_SUSPICIOUS_MOVE = YES;
				CLANG_WARN_UNGUARDED_AVAILABILITY = YES_AGGRESSIVE;
				CLANG_WARN_UNREACHABLE_CODE = YES;
				CLANG_WARN__DUPLICATE_METHOD_MATCH = YES;
				COPY_PHASE_STRIP = NO;
				DEBUG_INFORMATION_FORMAT = dwarf;
				ENABLE_STRICT_OBJC_MSGSEND = YES;
				ENABLE_TESTABILITY = YES;
				GCC_C_LANGUAGE_STANDARD = gnu11;
				GCC_DYNAMIC_NO_PIC = NO;
				GCC_NO_COMMON_BLOCKS = YES;
				GCC_OPTIMIZATION_LEVEL = 0;
				GCC_PREPROCESSOR_DEFINITIONS = (
					"DEBUG=1",
					"$(inherited)",
				);
				GCC_WARN_64_TO_32_BIT_CONVERSION = YES;
				GCC_WARN_ABOUT_RETURN_TYPE = YES_ERROR;
				GCC_WARN_UNDECLARED_SELECTOR = YES;
				GCC_WARN_UNINITIALIZED_AUTOS = YES_AGGRESSIVE;
				GCC_WARN_UNUSED_FUNCTION = YES;
				GCC_WARN_UNUSED_VARIABLE = YES;
				MACOSX_DEPLOYMENT_TARGET = 12.1;
				MTL_ENABLE_DEBUG_INFO = INCLUDE_SOURCE;
				MTL_FAST_MATH = YES;
				ONLY_ACTIVE_ARCH = YES;
				SDKROOT = macosx;
			};
			name = Debug;
		};
		3FE0F1D727AB7B6C00808469 /* Release */ = {
			isa = XCBuildConfiguration;
			buildSettings = {
				ALWAYS_SEARCH_USER_PATHS = NO;
				CLANG_ANALYZER_NONNULL = YES;
				CLANG_ANALYZER_NUMBER_OBJECT_CONVERSION = YES_AGGRESSIVE;
				CLANG_CXX_LANGUAGE_STANDARD = "gnu++17";
				CLANG_CXX_LIBRARY = "libc++";
				CLANG_ENABLE_MODULES = YES;
				CLANG_ENABLE_OBJC_ARC = YES;
				CLANG_ENABLE_OBJC_WEAK = YES;
				CLANG_WARN_BLOCK_CAPTURE_AUTORELEASING = YES;
				CLANG_WARN_BOOL_CONVERSION = YES;
				CLANG_WARN_COMMA = YES;
				CLANG_WARN_CONSTANT_CONVERSION = YES;
				CLANG_WARN_DEPRECATED_OBJC_IMPLEMENTATIONS = YES;
				CLANG_WARN_DIRECT_OBJC_ISA_USAGE = YES_ERROR;
				CLANG_WARN_DOCUMENTATION_COMMENTS = YES;
				CLANG_WARN_EMPTY_BODY = YES;
				CLANG_WARN_ENUM_CONVERSION = YES;
				CLANG_WARN_INFINITE_RECURSION = YES;
				CLANG_WARN_INT_CONVERSION = YES;
				CLANG_WARN_NON_LITERAL_NULL_CONVERSION = YES;
				CLANG_WARN_OBJC_IMPLICIT_RETAIN_SELF = YES;
				CLANG_WARN_OBJC_LITERAL_CONVERSION = YES;
				CLANG_WARN_OBJC_ROOT_CLASS = YES_ERROR;
				CLANG_WARN_QUOTED_INCLUDE_IN_FRAMEWORK_HEADER = YES;
				CLANG_WARN_RANGE_LOOP_ANALYSIS = YES;
				CLANG_WARN_STRICT_PROTOTYPES = YES;
				CLANG_WARN_SUSPICIOUS_MOVE = YES;
				CLANG_WARN_UNGUARDED_AVAILABILITY = YES_AGGRESSIVE;
				CLANG_WARN_UNREACHABLE_CODE = YES;
				CLANG_WARN__DUPLICATE_METHOD_MATCH = YES;
				COPY_PHASE_STRIP = NO;
				DEBUG_INFORMATION_FORMAT = "dwarf-with-dsym";
				ENABLE_NS_ASSERTIONS = NO;
				ENABLE_STRICT_OBJC_MSGSEND = YES;
				GCC_C_LANGUAGE_STANDARD = gnu11;
				GCC_NO_COMMON_BLOCKS = YES;
				GCC_WARN_64_TO_32_BIT_CONVERSION = YES;
				GCC_WARN_ABOUT_RETURN_TYPE = YES_ERROR;
				GCC_WARN_UNDECLARED_SELECTOR = YES;
				GCC_WARN_UNINITIALIZED_AUTOS = YES_AGGRESSIVE;
				GCC_WARN_UNUSED_FUNCTION = YES;
				GCC_WARN_UNUSED_VARIABLE = YES;
				MACOSX_DEPLOYMENT_TARGET = 12.1;
				MTL_ENABLE_DEBUG_INFO = NO;
				MTL_FAST_MATH = YES;
				SDKROOT = macosx;
			};
			name = Release;
		};
		3FE0F1D927AB7B6C00808469 /* Debug */ = {
			isa = XCBuildConfiguration;
			buildSettings = {
				CODE_SIGN_STYLE = Automatic;
				PRODUCT_NAME = "$(TARGET_NAME)";
			};
			name = Debug;
		};
		3FE0F1DA27AB7B6C00808469 /* Release */ = {
			isa = XCBuildConfiguration;
			buildSettings = {
				CODE_SIGN_STYLE = Automatic;
				PRODUCT_NAME = "$(TARGET_NAME)";
			};
			name = Release;
		};
/* End XCBuildConfiguration section */

/* Begin XCConfigurationList section */
		3FE0F1CC27AB7B6C00808469 /* Build configuration list for PBXProject "JackCompiler-OC" */ = {
			isa = XCConfigurationList;
			buildConfigurations = (
				3FE0F1D627AB7B6C00808469 /* Debug */,
				3FE0F1D727AB7B6C00808469 /* Release */,
			);
			defaultConfigurationIsVisible = 0;
			defaultConfigurationName = Release;
		};
		3FE0F1D827AB7B6C00808469 /* Build configuration list for PBXNativeTarget "JackCompiler-OC" */ = {
			isa = XCConfigurationList;
			buildConfigurations = (
				3FE0F1D927AB7B6C00808469 /* Debug */,
				3FE0F1DA27AB7B6C00808469 /* Release */,
			);
			defaultConfigurationIsVisible = 0;
			defaultConfigurationName = Release;
		};
/* End XCConfigurationList section */
	};
	rootObject = 3FE0F1C927AB7B6C00808469 /* Project object */;
}
