// !$*UTF8*$!
{
	archiveVersion = 1;
	classes = {
	};
	objectVersion = 55;
	objects = {

/* Begin PBXBuildFile section */
		3F87A60027A55CE0009B4459 /* main.m in Sources */ = {isa = PBXBuildFile; fileRef = 3F87A5FF27A55CE0009B4459 /* main.m */; };
		3F87A60827A55F72009B4459 /* Assembler.m in Sources */ = {isa = PBXBuildFile; fileRef = 3F87A60727A55F72009B4459 /* Assembler.m */; };
		3F87A65827A56393009B4459 /* Parser.m in Sources */ = {isa = PBXBuildFile; fileRef = 3F87A65727A56393009B4459 /* Parser.m */; };
		3F87A65D27A5ADAB009B4459 /* SymbolTable.m in Sources */ = {isa = PBXBuildFile; fileRef = 3F87A65C27A5ADAB009B4459 /* SymbolTable.m */; };
		3F87A66027A5B66B009B4459 /* Coder.m in Sources */ = {isa = PBXBuildFile; fileRef = 3F87A65F27A5B66B009B4459 /* Coder.m */; };
		3F87A66327A65168009B4459 /* Utility.m in Sources */ = {isa = PBXBuildFile; fileRef = 3F87A66227A65168009B4459 /* Utility.m */; };
/* End PBXBuildFile section */

/* Begin PBXCopyFilesBuildPhase section */
		3F87A5FA27A55CE0009B4459 /* CopyFiles */ = {
			isa = PBXCopyFilesBuildPhase;
			buildActionMask = 2147483647;
			dstPath = /usr/share/man/man1/;
			dstSubfolderSpec = 0;
			files = (
			);
			runOnlyForDeploymentPostprocessing = 1;
		};
/* End PBXCopyFilesBuildPhase section */

/* Begin PBXFileReference section */
		3F87A5FC27A55CE0009B4459 /* Assembler-OC */ = {isa = PBXFileReference; explicitFileType = "compiled.mach-o.executable"; includeInIndex = 0; path = "Assembler-OC"; sourceTree = BUILT_PRODUCTS_DIR; };
		3F87A5FF27A55CE0009B4459 /* main.m */ = {isa = PBXFileReference; lastKnownFileType = sourcecode.c.objc; path = main.m; sourceTree = "<group>"; };
		3F87A60627A55F72009B4459 /* Assembler.h */ = {isa = PBXFileReference; lastKnownFileType = sourcecode.c.h; path = Assembler.h; sourceTree = "<group>"; };
		3F87A60727A55F72009B4459 /* Assembler.m */ = {isa = PBXFileReference; lastKnownFileType = sourcecode.c.objc; path = Assembler.m; sourceTree = "<group>"; };
		3F87A65627A56393009B4459 /* Parser.h */ = {isa = PBXFileReference; lastKnownFileType = sourcecode.c.h; path = Parser.h; sourceTree = "<group>"; };
		3F87A65727A56393009B4459 /* Parser.m */ = {isa = PBXFileReference; lastKnownFileType = sourcecode.c.objc; path = Parser.m; sourceTree = "<group>"; };
		3F87A65B27A5ADAB009B4459 /* SymbolTable.h */ = {isa = PBXFileReference; lastKnownFileType = sourcecode.c.h; path = SymbolTable.h; sourceTree = "<group>"; };
		3F87A65C27A5ADAB009B4459 /* SymbolTable.m */ = {isa = PBXFileReference; lastKnownFileType = sourcecode.c.objc; path = SymbolTable.m; sourceTree = "<group>"; };
		3F87A65E27A5B66B009B4459 /* Coder.h */ = {isa = PBXFileReference; lastKnownFileType = sourcecode.c.h; path = Coder.h; sourceTree = "<group>"; };
		3F87A65F27A5B66B009B4459 /* Coder.m */ = {isa = PBXFileReference; lastKnownFileType = sourcecode.c.objc; path = Coder.m; sourceTree = "<group>"; };
		3F87A66127A65168009B4459 /* Utility.h */ = {isa = PBXFileReference; lastKnownFileType = sourcecode.c.h; path = Utility.h; sourceTree = "<group>"; };
		3F87A66227A65168009B4459 /* Utility.m */ = {isa = PBXFileReference; lastKnownFileType = sourcecode.c.objc; path = Utility.m; sourceTree = "<group>"; };
/* End PBXFileReference section */

/* Begin PBXFrameworksBuildPhase section */
		3F87A5F927A55CE0009B4459 /* Frameworks */ = {
			isa = PBXFrameworksBuildPhase;
			buildActionMask = 2147483647;
			files = (
			);
			runOnlyForDeploymentPostprocessing = 0;
		};
/* End PBXFrameworksBuildPhase section */

/* Begin PBXGroup section */
		3F87A5F327A55CE0009B4459 = {
			isa = PBXGroup;
			children = (
				3F87A5FE27A55CE0009B4459 /* Assembler-OC */,
				3F87A5FD27A55CE0009B4459 /* Products */,
			);
			sourceTree = "<group>";
		};
		3F87A5FD27A55CE0009B4459 /* Products */ = {
			isa = PBXGroup;
			children = (
				3F87A5FC27A55CE0009B4459 /* Assembler-OC */,
			);
			name = Products;
			sourceTree = "<group>";
		};
		3F87A5FE27A55CE0009B4459 /* Assembler-OC */ = {
			isa = PBXGroup;
			children = (
				3F87A5FF27A55CE0009B4459 /* main.m */,
				3F87A60627A55F72009B4459 /* Assembler.h */,
				3F87A60727A55F72009B4459 /* Assembler.m */,
				3F87A65627A56393009B4459 /* Parser.h */,
				3F87A65727A56393009B4459 /* Parser.m */,
				3F87A65B27A5ADAB009B4459 /* SymbolTable.h */,
				3F87A65C27A5ADAB009B4459 /* SymbolTable.m */,
				3F87A65E27A5B66B009B4459 /* Coder.h */,
				3F87A65F27A5B66B009B4459 /* Coder.m */,
				3F87A66127A65168009B4459 /* Utility.h */,
				3F87A66227A65168009B4459 /* Utility.m */,
			);
			path = "Assembler-OC";
			sourceTree = "<group>";
		};
/* End PBXGroup section */

/* Begin PBXNativeTarget section */
		3F87A5FB27A55CE0009B4459 /* Assembler-OC */ = {
			isa = PBXNativeTarget;
			buildConfigurationList = 3F87A60327A55CE0009B4459 /* Build configuration list for PBXNativeTarget "Assembler-OC" */;
			buildPhases = (
				3F87A5F827A55CE0009B4459 /* Sources */,
				3F87A5F927A55CE0009B4459 /* Frameworks */,
				3F87A5FA27A55CE0009B4459 /* CopyFiles */,
			);
			buildRules = (
			);
			dependencies = (
			);
			name = "Assembler-OC";
			productName = "Assembler-OC";
			productReference = 3F87A5FC27A55CE0009B4459 /* Assembler-OC */;
			productType = "com.apple.product-type.tool";
		};
/* End PBXNativeTarget section */

/* Begin PBXProject section */
		3F87A5F427A55CE0009B4459 /* Project object */ = {
			isa = PBXProject;
			attributes = {
				BuildIndependentTargetsInParallel = 1;
				LastUpgradeCheck = 1320;
				TargetAttributes = {
					3F87A5FB27A55CE0009B4459 = {
						CreatedOnToolsVersion = 13.2.1;
					};
				};
			};
			buildConfigurationList = 3F87A5F727A55CE0009B4459 /* Build configuration list for PBXProject "Assembler-OC" */;
			compatibilityVersion = "Xcode 13.0";
			developmentRegion = en;
			hasScannedForEncodings = 0;
			knownRegions = (
				en,
				Base,
			);
			mainGroup = 3F87A5F327A55CE0009B4459;
			productRefGroup = 3F87A5FD27A55CE0009B4459 /* Products */;
			projectDirPath = "";
			projectRoot = "";
			targets = (
				3F87A5FB27A55CE0009B4459 /* Assembler-OC */,
			);
		};
/* End PBXProject section */

/* Begin PBXSourcesBuildPhase section */
		3F87A5F827A55CE0009B4459 /* Sources */ = {
			isa = PBXSourcesBuildPhase;
			buildActionMask = 2147483647;
			files = (
				3F87A66027A5B66B009B4459 /* Coder.m in Sources */,
				3F87A60827A55F72009B4459 /* Assembler.m in Sources */,
				3F87A65827A56393009B4459 /* Parser.m in Sources */,
				3F87A65D27A5ADAB009B4459 /* SymbolTable.m in Sources */,
				3F87A66327A65168009B4459 /* Utility.m in Sources */,
				3F87A60027A55CE0009B4459 /* main.m in Sources */,
			);
			runOnlyForDeploymentPostprocessing = 0;
		};
/* End PBXSourcesBuildPhase section */

/* Begin XCBuildConfiguration section */
		3F87A60127A55CE0009B4459 /* Debug */ = {
			isa = XCBuildConfiguration;
			buildSettings = {
				ALWAYS_SEARCH_USER_PATHS = NO;
				CLANG_ANALYZER_NONNULL = YES;
				CLANG_ANALYZER_NUMBER_OBJECT_CONVERSION = YES_AGGRESSIVE;
				CLANG_CXX_LANGUAGE_STANDARD = "gnu++17";
				CLANG_CXX_LIBRARY = "libc++";
				CLANG_ENABLE_MODULES = YES;
				CLANG_ENABLE_OBJC_ARC = YES;
				CLANG_ENABLE_OBJC_WEAK = YES;
				CLANG_WARN_BLOCK_CAPTURE_AUTORELEASING = YES;
				CLANG_WARN_BOOL_CONVERSION = YES;
				CLANG_WARN_COMMA = YES;
				CLANG_WARN_CONSTANT_CONVERSION = YES;
				CLANG_WARN_DEPRECATED_OBJC_IMPLEMENTATIONS = YES;
				CLANG_WARN_DIRECT_OBJC_ISA_USAGE = YES_ERROR;
				CLANG_WARN_DOCUMENTATION_COMMENTS = YES;
				CLANG_WARN_EMPTY_BODY = YES;
				CLANG_WARN_ENUM_CONVERSION = YES;
				CLANG_WARN_INFINITE_RECURSION = YES;
				CLANG_WARN_INT_CONVERSION = YES;
				CLANG_WARN_NON_LITERAL_NULL_CONVERSION = YES;
				CLANG_WARN_OBJC_IMPLICIT_RETAIN_SELF = YES;
				CLANG_WARN_OBJC_LITERAL_CONVERSION = YES;
				CLANG_WARN_OBJC_ROOT_CLASS = YES_ERROR;
				CLANG_WARN_QUOTED_INCLUDE_IN_FRAMEWORK_HEADER = YES;
				CLANG_WARN_RANGE_LOOP_ANALYSIS = YES;
				CLANG_WARN_STRICT_PROTOTYPES = YES;
				CLANG_WARN_SUSPICIOUS_MOVE = YES;
				CLANG_WARN_UNGUARDED_AVAILABILITY = YES_AGGRESSIVE;
				CLANG_WARN_UNREACHABLE_CODE = YES;
				CLANG_WARN__DUPLICATE_METHOD_MATCH = YES;
				COPY_PHASE_STRIP = NO;
				DEBUG_INFORMATION_FORMAT = dwarf;
				ENABLE_STRICT_OBJC_MSGSEND = YES;
				ENABLE_TESTABILITY = YES;
				GCC_C_LANGUAGE_STANDARD = gnu11;
				GCC_DYNAMIC_NO_PIC = NO;
				GCC_NO_COMMON_BLOCKS = YES;
				GCC_OPTIMIZATION_LEVEL = 0;
				GCC_PREPROCESSOR_DEFINITIONS = (
					"DEBUG=1",
					"$(inherited)",
				);
				GCC_WARN_64_TO_32_BIT_CONVERSION = YES;
				GCC_WARN_ABOUT_RETURN_TYPE = YES_ERROR;
				GCC_WARN_UNDECLARED_SELECTOR = YES;
				GCC_WARN_UNINITIALIZED_AUTOS = YES_AGGRESSIVE;
				GCC_WARN_UNUSED_FUNCTION = YES;
				GCC_WARN_UNUSED_VARIABLE = YES;
				MACOSX_DEPLOYMENT_TARGET = 12.1;
				MTL_ENABLE_DEBUG_INFO = INCLUDE_SOURCE;
				MTL_FAST_MATH = YES;
				ONLY_ACTIVE_ARCH = YES;
				SDKROOT = macosx;
			};
			name = Debug;
		};
		3F87A60227A55CE0009B4459 /* Release */ = {
			isa = XCBuildConfiguration;
			buildSettings = {
				ALWAYS_SEARCH_USER_PATHS = NO;
				CLANG_ANALYZER_NONNULL = YES;
				CLANG_ANALYZER_NUMBER_OBJECT_CONVERSION = YES_AGGRESSIVE;
				CLANG_CXX_LANGUAGE_STANDARD = "gnu++17";
				CLANG_CXX_LIBRARY = "libc++";
				CLANG_ENABLE_MODULES = YES;
				CLANG_ENABLE_OBJC_ARC = YES;
				CLANG_ENABLE_OBJC_WEAK = YES;
				CLANG_WARN_BLOCK_CAPTURE_AUTORELEASING = YES;
				CLANG_WARN_BOOL_CONVERSION = YES;
				CLANG_WARN_COMMA = YES;
				CLANG_WARN_CONSTANT_CONVERSION = YES;
				CLANG_WARN_DEPRECATED_OBJC_IMPLEMENTATIONS = YES;
				CLANG_WARN_DIRECT_OBJC_ISA_USAGE = YES_ERROR;
				CLANG_WARN_DOCUMENTATION_COMMENTS = YES;
				CLANG_WARN_EMPTY_BODY = YES;
				CLANG_WARN_ENUM_CONVERSION = YES;
				CLANG_WARN_INFINITE_RECURSION = YES;
				CLANG_WARN_INT_CONVERSION = YES;
				CLANG_WARN_NON_LITERAL_NULL_CONVERSION = YES;
				CLANG_WARN_OBJC_IMPLICIT_RETAIN_SELF = YES;
				CLANG_WARN_OBJC_LITERAL_CONVERSION = YES;
				CLANG_WARN_OBJC_ROOT_CLASS = YES_ERROR;
				CLANG_WARN_QUOTED_INCLUDE_IN_FRAMEWORK_HEADER = YES;
				CLANG_WARN_RANGE_LOOP_ANALYSIS = YES;
				CLANG_WARN_STRICT_PROTOTYPES = YES;
				CLANG_WARN_SUSPICIOUS_MOVE = YES;
				CLANG_WARN_UNGUARDED_AVAILABILITY = YES_AGGRESSIVE;
				CLANG_WARN_UNREACHABLE_CODE = YES;
				CLANG_WARN__DUPLICATE_METHOD_MATCH = YES;
				COPY_PHASE_STRIP = NO;
				DEBUG_INFORMATION_FORMAT = "dwarf-with-dsym";
				ENABLE_NS_ASSERTIONS = NO;
				ENABLE_STRICT_OBJC_MSGSEND = YES;
				GCC_C_LANGUAGE_STANDARD = gnu11;
				GCC_NO_COMMON_BLOCKS = YES;
				GCC_WARN_64_TO_32_BIT_CONVERSION = YES;
				GCC_WARN_ABOUT_RETURN_TYPE = YES_ERROR;
				GCC_WARN_UNDECLARED_SELECTOR = YES;
				GCC_WARN_UNINITIALIZED_AUTOS = YES_AGGRESSIVE;
				GCC_WARN_UNUSED_FUNCTION = YES;
				GCC_WARN_UNUSED_VARIABLE = YES;
				MACOSX_DEPLOYMENT_TARGET = 12.1;
				MTL_ENABLE_DEBUG_INFO = NO;
				MTL_FAST_MATH = YES;
				SDKROOT = macosx;
			};
			name = Release;
		};
		3F87A60427A55CE0009B4459 /* Debug */ = {
			isa = XCBuildConfiguration;
			buildSettings = {
				CODE_SIGN_STYLE = Automatic;
				PRODUCT_NAME = "$(TARGET_NAME)";
			};
			name = Debug;
		};
		3F87A60527A55CE0009B4459 /* Release */ = {
			isa = XCBuildConfiguration;
			buildSettings = {
				CODE_SIGN_STYLE = Automatic;
				PRODUCT_NAME = "$(TARGET_NAME)";
			};
			name = Release;
		};
/* End XCBuildConfiguration section */

/* Begin XCConfigurationList section */
		3F87A5F727A55CE0009B4459 /* Build configuration list for PBXProject "Assembler-OC" */ = {
			isa = XCConfigurationList;
			buildConfigurations = (
				3F87A60127A55CE0009B4459 /* Debug */,
				3F87A60227A55CE0009B4459 /* Release */,
			);
			defaultConfigurationIsVisible = 0;
			defaultConfigurationName = Release;
		};
		3F87A60327A55CE0009B4459 /* Build configuration list for PBXNativeTarget "Assembler-OC" */ = {
			isa = XCConfigurationList;
			buildConfigurations = (
				3F87A60427A55CE0009B4459 /* Debug */,
				3F87A60527A55CE0009B4459 /* Release */,
			);
			defaultConfigurationIsVisible = 0;
			defaultConfigurationName = Release;
		};
/* End XCConfigurationList section */
	};
	rootObject = 3F87A5F427A55CE0009B4459 /* Project object */;
}
